
Microsoft Visual Studio Solution File, Format Version 12.00
# Visual Studio Version 16
VisualStudioVersion = 16.0.29613.14
MinimumVisualStudioVersion = 10.0.40219.1
Project("{FAE04EC0-301F-11D3-BF4B-00C04F79EFBC}") = "DirectionallyWeightedDistance_Rungchokanun2022", "DirectionallyWeightedDistance_Rungchokanun2022\DirectionallyWeightedDistance_Rungchokanun2022.csproj", "{848B4112-6D23-4FA2-8237-260DEDE288A2}"
EndProject
Project("{FAE04EC0-301F-11D3-BF4B-00C04F79EFBC}") = "Graphs", "Graphs\Graphs.csproj", "{176C686E-3FFC-4A5D-B3B7-68B9A97ED39C}"
EndProject
Global
	GlobalSection(SolutionConfigurationPlatforms) = preSolution
		Debug|Any CPU = Debug|Any CPU
		Release|Any CPU = Release|Any CPU
	EndGlobalSection
	GlobalSection(ProjectConfigurationPlatforms) = postSolution
		{848B4112-6D23-4FA2-8237-260DEDE288A2}.Debug|Any CPU.ActiveCfg = Debug|Any CPU
		{848B4112-6D23-4FA2-8237-260DEDE288A2}.Debug|Any CPU.Build.0 = Debug|Any CPU
		{848B4112-6D23-4FA2-8237-260DEDE288A2}.Release|Any CPU.ActiveCfg = Release|Any CPU
		{848B4112-6D23-4FA2-8237-260DEDE288A2}.Release|Any CPU.Build.0 = Release|Any CPU
		{176C686E-3FFC-4A5D-B3B7-68B9A97ED39C}.Debug|Any CPU.ActiveCfg = Debug|Any CPU
		{176C686E-3FFC-4A5D-B3B7-68B9A97ED39C}.Debug|Any CPU.Build.0 = Debug|Any CPU
		{176C686E-3FFC-4A5D-B3B7-68B9A97ED39C}.Release|Any CPU.ActiveCfg = Release|Any CPU
		{176C686E-3FFC-4A5D-B3B7-68B9A97ED39C}.Release|Any CPU.Build.0 = Release|Any CPU
	EndGlobalSection
	GlobalSection(SolutionProperties) = preSolution
		HideSolutionNode = FALSE
	EndGlobalSection
	GlobalSection(ExtensibilityGlobals) = postSolution
		SolutionGuid = {4A5BCD80-B5F1-4822-A802-9402E74DD31B}
	EndGlobalSection
EndGlobal
